<?xml version="1.0" encoding="UTF-8"?>
<CodeBlocks_project_file>
	<FileVersion major="1" minor="6"/>
	<Project>
		<Option title="Software_Architecture_With_CPP"/>
		<Option makefile_is_custom="1"/>
		<Option compiler="gcc"/>
		<Option virtualFolders="CMake Files\;"/>
		<Build>
			<Target title="all">
				<Option working_dir="/Users/markbarbaric/Documents/Developer/C++/Software_Architecture_With_CPP"/>
				<Option type="4"/>
				<MakeCommands>
					<Build command="/usr/bin/make -f &quot;/Users/markbarbaric/Documents/Developer/C++/Software_Architecture_With_CPP/Makefile&quot;  VERBOSE=1 all"/>
					<CompileFile command="/usr/bin/make -f &quot;/Users/markbarbaric/Documents/Developer/C++/Software_Architecture_With_CPP/Makefile&quot;  VERBOSE=1 &quot;$file&quot;"/>
					<Clean command="/usr/bin/make -f &quot;/Users/markbarbaric/Documents/Developer/C++/Software_Architecture_With_CPP/Makefile&quot;  VERBOSE=1 clean"/>
					<DistClean command="/usr/bin/make -f &quot;/Users/markbarbaric/Documents/Developer/C++/Software_Architecture_With_CPP/Makefile&quot;  VERBOSE=1 clean"/>
				</MakeCommands>
			</Target>
			<Target title="rebuild_cache">
				<Option working_dir="/Users/markbarbaric/Documents/Developer/C++/Software_Architecture_With_CPP"/>
				<Option type="4"/>
				<MakeCommands>
					<Build command="/usr/bin/make -f &quot;/Users/markbarbaric/Documents/Developer/C++/Software_Architecture_With_CPP/Makefile&quot;  VERBOSE=1 rebuild_cache"/>
					<CompileFile command="/usr/bin/make -f &quot;/Users/markbarbaric/Documents/Developer/C++/Software_Architecture_With_CPP/Makefile&quot;  VERBOSE=1 &quot;$file&quot;"/>
					<Clean command="/usr/bin/make -f &quot;/Users/markbarbaric/Documents/Developer/C++/Software_Architecture_With_CPP/Makefile&quot;  VERBOSE=1 clean"/>
					<DistClean command="/usr/bin/make -f &quot;/Users/markbarbaric/Documents/Developer/C++/Software_Architecture_With_CPP/Makefile&quot;  VERBOSE=1 clean"/>
				</MakeCommands>
			</Target>
			<Target title="edit_cache">
				<Option working_dir="/Users/markbarbaric/Documents/Developer/C++/Software_Architecture_With_CPP"/>
				<Option type="4"/>
				<MakeCommands>
					<Build command="/usr/bin/make -f &quot;/Users/markbarbaric/Documents/Developer/C++/Software_Architecture_With_CPP/Makefile&quot;  VERBOSE=1 edit_cache"/>
					<CompileFile command="/usr/bin/make -f &quot;/Users/markbarbaric/Documents/Developer/C++/Software_Architecture_With_CPP/Makefile&quot;  VERBOSE=1 &quot;$file&quot;"/>
					<Clean command="/usr/bin/make -f &quot;/Users/markbarbaric/Documents/Developer/C++/Software_Architecture_With_CPP/Makefile&quot;  VERBOSE=1 clean"/>
					<DistClean command="/usr/bin/make -f &quot;/Users/markbarbaric/Documents/Developer/C++/Software_Architecture_With_CPP/Makefile&quot;  VERBOSE=1 clean"/>
				</MakeCommands>
			</Target>
			<Target title="CPP_GuideLines">
				<Option output="/Users/markbarbaric/Documents/Developer/C++/Software_Architecture_With_CPP/libCPP_GuideLines.a" prefix_auto="0" extension_auto="0"/>
				<Option working_dir="/Users/markbarbaric/Documents/Developer/C++/Software_Architecture_With_CPP"/>
				<Option object_output="./"/>
				<Option type="2"/>
				<Option compiler="gcc"/>
				<Compiler/>
				<MakeCommands>
					<Build command="/usr/bin/make -f &quot;/Users/markbarbaric/Documents/Developer/C++/Software_Architecture_With_CPP/Makefile&quot;  VERBOSE=1 CPP_GuideLines"/>
					<CompileFile command="/usr/bin/make -f &quot;/Users/markbarbaric/Documents/Developer/C++/Software_Architecture_With_CPP/Makefile&quot;  VERBOSE=1 &quot;$file&quot;"/>
					<Clean command="/usr/bin/make -f &quot;/Users/markbarbaric/Documents/Developer/C++/Software_Architecture_With_CPP/Makefile&quot;  VERBOSE=1 clean"/>
					<DistClean command="/usr/bin/make -f &quot;/Users/markbarbaric/Documents/Developer/C++/Software_Architecture_With_CPP/Makefile&quot;  VERBOSE=1 clean"/>
				</MakeCommands>
			</Target>
			<Target title="CPP_GuideLines/fast">
				<Option output="/Users/markbarbaric/Documents/Developer/C++/Software_Architecture_With_CPP/libCPP_GuideLines.a" prefix_auto="0" extension_auto="0"/>
				<Option working_dir="/Users/markbarbaric/Documents/Developer/C++/Software_Architecture_With_CPP"/>
				<Option object_output="./"/>
				<Option type="2"/>
				<Option compiler="gcc"/>
				<Compiler/>
				<MakeCommands>
					<Build command="/usr/bin/make -f &quot;/Users/markbarbaric/Documents/Developer/C++/Software_Architecture_With_CPP/Makefile&quot;  VERBOSE=1 CPP_GuideLines/fast"/>
					<CompileFile command="/usr/bin/make -f &quot;/Users/markbarbaric/Documents/Developer/C++/Software_Architecture_With_CPP/Makefile&quot;  VERBOSE=1 &quot;$file&quot;"/>
					<Clean command="/usr/bin/make -f &quot;/Users/markbarbaric/Documents/Developer/C++/Software_Architecture_With_CPP/Makefile&quot;  VERBOSE=1 clean"/>
					<DistClean command="/usr/bin/make -f &quot;/Users/markbarbaric/Documents/Developer/C++/Software_Architecture_With_CPP/Makefile&quot;  VERBOSE=1 clean"/>
				</MakeCommands>
			</Target>
			<Target title="SOLID">
				<Option output="/Users/markbarbaric/Documents/Developer/C++/Software_Architecture_With_CPP/libSOLID.a" prefix_auto="0" extension_auto="0"/>
				<Option working_dir="/Users/markbarbaric/Documents/Developer/C++/Software_Architecture_With_CPP"/>
				<Option object_output="./"/>
				<Option type="2"/>
				<Option compiler="gcc"/>
				<Compiler/>
				<MakeCommands>
					<Build command="/usr/bin/make -f &quot;/Users/markbarbaric/Documents/Developer/C++/Software_Architecture_With_CPP/Makefile&quot;  VERBOSE=1 SOLID"/>
					<CompileFile command="/usr/bin/make -f &quot;/Users/markbarbaric/Documents/Developer/C++/Software_Architecture_With_CPP/Makefile&quot;  VERBOSE=1 &quot;$file&quot;"/>
					<Clean command="/usr/bin/make -f &quot;/Users/markbarbaric/Documents/Developer/C++/Software_Architecture_With_CPP/Makefile&quot;  VERBOSE=1 clean"/>
					<DistClean command="/usr/bin/make -f &quot;/Users/markbarbaric/Documents/Developer/C++/Software_Architecture_With_CPP/Makefile&quot;  VERBOSE=1 clean"/>
				</MakeCommands>
			</Target>
			<Target title="SOLID/fast">
				<Option output="/Users/markbarbaric/Documents/Developer/C++/Software_Architecture_With_CPP/libSOLID.a" prefix_auto="0" extension_auto="0"/>
				<Option working_dir="/Users/markbarbaric/Documents/Developer/C++/Software_Architecture_With_CPP"/>
				<Option object_output="./"/>
				<Option type="2"/>
				<Option compiler="gcc"/>
				<Compiler/>
				<MakeCommands>
					<Build command="/usr/bin/make -f &quot;/Users/markbarbaric/Documents/Developer/C++/Software_Architecture_With_CPP/Makefile&quot;  VERBOSE=1 SOLID/fast"/>
					<CompileFile command="/usr/bin/make -f &quot;/Users/markbarbaric/Documents/Developer/C++/Software_Architecture_With_CPP/Makefile&quot;  VERBOSE=1 &quot;$file&quot;"/>
					<Clean command="/usr/bin/make -f &quot;/Users/markbarbaric/Documents/Developer/C++/Software_Architecture_With_CPP/Makefile&quot;  VERBOSE=1 clean"/>
					<DistClean command="/usr/bin/make -f &quot;/Users/markbarbaric/Documents/Developer/C++/Software_Architecture_With_CPP/Makefile&quot;  VERBOSE=1 clean"/>
				</MakeCommands>
			</Target>
			<Target title="Software_Architecture_With_CPP">
				<Option output="/Users/markbarbaric/Documents/Developer/C++/Software_Architecture_With_CPP/Software_Architecture_With_CPP" prefix_auto="0" extension_auto="0"/>
				<Option working_dir="/Users/markbarbaric/Documents/Developer/C++/Software_Architecture_With_CPP"/>
				<Option object_output="./"/>
				<Option type="1"/>
				<Option compiler="gcc"/>
				<Compiler/>
				<MakeCommands>
					<Build command="/usr/bin/make -f &quot;/Users/markbarbaric/Documents/Developer/C++/Software_Architecture_With_CPP/Makefile&quot;  VERBOSE=1 Software_Architecture_With_CPP"/>
					<CompileFile command="/usr/bin/make -f &quot;/Users/markbarbaric/Documents/Developer/C++/Software_Architecture_With_CPP/Makefile&quot;  VERBOSE=1 &quot;$file&quot;"/>
					<Clean command="/usr/bin/make -f &quot;/Users/markbarbaric/Documents/Developer/C++/Software_Architecture_With_CPP/Makefile&quot;  VERBOSE=1 clean"/>
					<DistClean command="/usr/bin/make -f &quot;/Users/markbarbaric/Documents/Developer/C++/Software_Architecture_With_CPP/Makefile&quot;  VERBOSE=1 clean"/>
				</MakeCommands>
			</Target>
			<Target title="Software_Architecture_With_CPP/fast">
				<Option output="/Users/markbarbaric/Documents/Developer/C++/Software_Architecture_With_CPP/Software_Architecture_With_CPP" prefix_auto="0" extension_auto="0"/>
				<Option working_dir="/Users/markbarbaric/Documents/Developer/C++/Software_Architecture_With_CPP"/>
				<Option object_output="./"/>
				<Option type="1"/>
				<Option compiler="gcc"/>
				<Compiler/>
				<MakeCommands>
					<Build command="/usr/bin/make -f &quot;/Users/markbarbaric/Documents/Developer/C++/Software_Architecture_With_CPP/Makefile&quot;  VERBOSE=1 Software_Architecture_With_CPP/fast"/>
					<CompileFile command="/usr/bin/make -f &quot;/Users/markbarbaric/Documents/Developer/C++/Software_Architecture_With_CPP/Makefile&quot;  VERBOSE=1 &quot;$file&quot;"/>
					<Clean command="/usr/bin/make -f &quot;/Users/markbarbaric/Documents/Developer/C++/Software_Architecture_With_CPP/Makefile&quot;  VERBOSE=1 clean"/>
					<DistClean command="/usr/bin/make -f &quot;/Users/markbarbaric/Documents/Developer/C++/Software_Architecture_With_CPP/Makefile&quot;  VERBOSE=1 clean"/>
				</MakeCommands>
			</Target>
		</Build>
		<Unit filename="/Users/markbarbaric/Documents/Developer/C++/Software_Architecture_With_CPP/CPP_GuideLines/Move.h">
			<Option target="CPP_GuideLines"/>
		</Unit>
		<Unit filename="/Users/markbarbaric/Documents/Developer/C++/Software_Architecture_With_CPP/CPP_GuideLines/RunCPPGuideLines.cpp">
			<Option target="CPP_GuideLines"/>
		</Unit>
		<Unit filename="/Users/markbarbaric/Documents/Developer/C++/Software_Architecture_With_CPP/Chapter1/SOLID/RunSOLIDExamples.cpp">
			<Option target="SOLID"/>
		</Unit>
		<Unit filename="/Users/markbarbaric/Documents/Developer/C++/Software_Architecture_With_CPP/Chapter1/SOLID/SingleResponsability.h">
			<Option target="SOLID"/>
		</Unit>
		<Unit filename="/Users/markbarbaric/Documents/Developer/C++/Software_Architecture_With_CPP/main.cpp">
			<Option target="Software_Architecture_With_CPP"/>
		</Unit>
		<Unit filename="/Users/markbarbaric/Documents/Developer/C++/Software_Architecture_With_CPP/CMakeLists.txt">
			<Option virtualFolder="CMake Files\"/>
		</Unit>
	</Project>
</CodeBlocks_project_file>
